// !$*UTF8*$!
{
	archiveVersion = 1;
	classes = {
	};
	objectVersion = 56;
	objects = {

/* Begin PBXBuildFile section */
		5271994E2BFA221C001967EB /* SongModel.swift in Sources */ = {isa = PBXBuildFile; fileRef = 5271994D2BFA221C001967EB /* SongModel.swift */; };
		527199512BFA258F001967EB /* MySongs.swift in Sources */ = {isa = PBXBuildFile; fileRef = 527199502BFA258F001967EB /* MySongs.swift */; };
		52E333602AD80FC00006687D /* AppDelegate.swift in Sources */ = {isa = PBXBuildFile; fileRef = 52E3335F2AD80FC00006687D /* AppDelegate.swift */; };
		52E333622AD80FC00006687D /* SceneDelegate.swift in Sources */ = {isa = PBXBuildFile; fileRef = 52E333612AD80FC00006687D /* SceneDelegate.swift */; };
		52E333642AD80FC00006687D /* ViewController.swift in Sources */ = {isa = PBXBuildFile; fileRef = 52E333632AD80FC00006687D /* ViewController.swift */; };
		52E333672AD80FC00006687D /* Main.storyboard in Resources */ = {isa = PBXBuildFile; fileRef = 52E333652AD80FC00006687D /* Main.storyboard */; };
		52E333692AD80FC20006687D /* Assets.xcassets in Resources */ = {isa = PBXBuildFile; fileRef = 52E333682AD80FC20006687D /* Assets.xcassets */; };
		52E3336C2AD80FC30006687D /* LaunchScreen.storyboard in Resources */ = {isa = PBXBuildFile; fileRef = 52E3336A2AD80FC20006687D /* LaunchScreen.storyboard */; };
		52E333752AD817840006687D /* Kitni-Yaadein.mp3 in Resources */ = {isa = PBXBuildFile; fileRef = 52E333742AD817830006687D /* Kitni-Yaadein.mp3 */; };
		52E333772AD817890006687D /* Your-Body-Language.mp3 in Resources */ = {isa = PBXBuildFile; fileRef = 52E333762AD817890006687D /* Your-Body-Language.mp3 */; };
		52E333792AD8178F0006687D /* Play-Date.mp3 in Resources */ = {isa = PBXBuildFile; fileRef = 52E333782AD8178F0006687D /* Play-Date.mp3 */; };
		52E3337B2AD873690006687D /* PlayerViewController.swift in Sources */ = {isa = PBXBuildFile; fileRef = 52E3337A2AD873690006687D /* PlayerViewController.swift */; };
/* End PBXBuildFile section */

/* Begin PBXFileReference section */
		5271994D2BFA221C001967EB /* SongModel.swift */ = {isa = PBXFileReference; lastKnownFileType = sourcecode.swift; path = SongModel.swift; sourceTree = "<group>"; };
		527199502BFA258F001967EB /* MySongs.swift */ = {isa = PBXFileReference; lastKnownFileType = sourcecode.swift; path = MySongs.swift; sourceTree = "<group>"; };
		52E3335C2AD80FC00006687D /* MyMusic.app */ = {isa = PBXFileReference; explicitFileType = wrapper.application; includeInIndex = 0; path = MyMusic.app; sourceTree = BUILT_PRODUCTS_DIR; };
		52E3335F2AD80FC00006687D /* AppDelegate.swift */ = {isa = PBXFileReference; lastKnownFileType = sourcecode.swift; path = AppDelegate.swift; sourceTree = "<group>"; };
		52E333612AD80FC00006687D /* SceneDelegate.swift */ = {isa = PBXFileReference; lastKnownFileType = sourcecode.swift; path = SceneDelegate.swift; sourceTree = "<group>"; };
		52E333632AD80FC00006687D /* ViewController.swift */ = {isa = PBXFileReference; lastKnownFileType = sourcecode.swift; path = ViewController.swift; sourceTree = "<group>"; };
		52E333662AD80FC00006687D /* Base */ = {isa = PBXFileReference; lastKnownFileType = file.storyboard; name = Base; path = Base.lproj/Main.storyboard; sourceTree = "<group>"; };
		52E333682AD80FC20006687D /* Assets.xcassets */ = {isa = PBXFileReference; lastKnownFileType = folder.assetcatalog; path = Assets.xcassets; sourceTree = "<group>"; };
		52E3336B2AD80FC20006687D /* Base */ = {isa = PBXFileReference; lastKnownFileType = file.storyboard; name = Base; path = Base.lproj/LaunchScreen.storyboard; sourceTree = "<group>"; };
		52E3336D2AD80FC30006687D /* Info.plist */ = {isa = PBXFileReference; lastKnownFileType = text.plist.xml; path = Info.plist; sourceTree = "<group>"; };
		52E333742AD817830006687D /* Kitni-Yaadein.mp3 */ = {isa = PBXFileReference; lastKnownFileType = audio.mp3; path = "Kitni-Yaadein.mp3"; sourceTree = "<group>"; };
		52E333762AD817890006687D /* Your-Body-Language.mp3 */ = {isa = PBXFileReference; lastKnownFileType = audio.mp3; path = "Your-Body-Language.mp3"; sourceTree = "<group>"; };
		52E333782AD8178F0006687D /* Play-Date.mp3 */ = {isa = PBXFileReference; lastKnownFileType = audio.mp3; path = "Play-Date.mp3"; sourceTree = "<group>"; };
		52E3337A2AD873690006687D /* PlayerViewController.swift */ = {isa = PBXFileReference; lastKnownFileType = sourcecode.swift; path = PlayerViewController.swift; sourceTree = "<group>"; };
/* End PBXFileReference section */

/* Begin PBXFrameworksBuildPhase section */
		52E333592AD80FC00006687D /* Frameworks */ = {
			isa = PBXFrameworksBuildPhase;
			buildActionMask = 2147483647;
			files = (
			);
			runOnlyForDeploymentPostprocessing = 0;
		};
/* End PBXFrameworksBuildPhase section */

/* Begin PBXGroup section */
		5271994F2BFA257C001967EB /* Model */ = {
			isa = PBXGroup;
			children = (
				527199502BFA258F001967EB /* MySongs.swift */,
				5271994D2BFA221C001967EB /* SongModel.swift */,
			);
			path = Model;
			sourceTree = "<group>";
		};
		527199522BFA2594001967EB /* View */ = {
			isa = PBXGroup;
			children = (
				52E333652AD80FC00006687D /* Main.storyboard */,
			);
			path = View;
			sourceTree = "<group>";
		};
		527199532BFA259C001967EB /* Controllers */ = {
			isa = PBXGroup;
			children = (
				52E3337A2AD873690006687D /* PlayerViewController.swift */,
				52E333632AD80FC00006687D /* ViewController.swift */,
			);
			path = Controllers;
			sourceTree = "<group>";
		};
		52E333532AD80FC00006687D = {
			isa = PBXGroup;
			children = (
				52E3335E2AD80FC00006687D /* MyMusic */,
				52E3335D2AD80FC00006687D /* Products */,
			);
			sourceTree = "<group>";
		};
		52E3335D2AD80FC00006687D /* Products */ = {
			isa = PBXGroup;
			children = (
				52E3335C2AD80FC00006687D /* MyMusic.app */,
			);
			name = Products;
			sourceTree = "<group>";
		};
		52E3335E2AD80FC00006687D /* MyMusic */ = {
			isa = PBXGroup;
			children = (
				527199532BFA259C001967EB /* Controllers */,
				527199522BFA2594001967EB /* View */,
				5271994F2BFA257C001967EB /* Model */,
				52E333762AD817890006687D /* Your-Body-Language.mp3 */,
				52E333742AD817830006687D /* Kitni-Yaadein.mp3 */,
				52E333782AD8178F0006687D /* Play-Date.mp3 */,
				52E3335F2AD80FC00006687D /* AppDelegate.swift */,
				52E333612AD80FC00006687D /* SceneDelegate.swift */,
				52E333682AD80FC20006687D /* Assets.xcassets */,
				52E3336A2AD80FC20006687D /* LaunchScreen.storyboard */,
				52E3336D2AD80FC30006687D /* Info.plist */,
			);
			path = MyMusic;
			sourceTree = "<group>";
		};
/* End PBXGroup section */

/* Begin PBXNativeTarget section */
		52E3335B2AD80FC00006687D /* MyMusic */ = {
			isa = PBXNativeTarget;
			buildConfigurationList = 52E333702AD80FC30006687D /* Build configuration list for PBXNativeTarget "MyMusic" */;
			buildPhases = (
				52E333582AD80FC00006687D /* Sources */,
				52E333592AD80FC00006687D /* Frameworks */,
				52E3335A2AD80FC00006687D /* Resources */,
			);
			buildRules = (
			);
			dependencies = (
			);
			name = MyMusic;
			productName = MyMusic;
			productReference = 52E3335C2AD80FC00006687D /* MyMusic.app */;
			productType = "com.apple.product-type.application";
		};
/* End PBXNativeTarget section */

/* Begin PBXProject section */
		52E333542AD80FC00006687D /* Project object */ = {
			isa = PBXProject;
			attributes = {
				BuildIndependentTargetsInParallel = 1;
				LastSwiftUpdateCheck = 1430;
				LastUpgradeCheck = 1430;
				TargetAttributes = {
					52E3335B2AD80FC00006687D = {
						CreatedOnToolsVersion = 14.3.1;
					};
				};
			};
			buildConfigurationList = 52E333572AD80FC00006687D /* Build configuration list for PBXProject "MyMusic" */;
			compatibilityVersion = "Xcode 14.0";
			developmentRegion = en;
			hasScannedForEncodings = 0;
			knownRegions = (
				en,
				Base,
			);
			mainGroup = 52E333532AD80FC00006687D;
			productRefGroup = 52E3335D2AD80FC00006687D /* Products */;
			projectDirPath = "";
			projectRoot = "";
			targets = (
				52E3335B2AD80FC00006687D /* MyMusic */,
			);
		};
/* End PBXProject section */

/* Begin PBXResourcesBuildPhase section */
		52E3335A2AD80FC00006687D /* Resources */ = {
			isa = PBXResourcesBuildPhase;
			buildActionMask = 2147483647;
			files = (
				52E333792AD8178F0006687D /* Play-Date.mp3 in Resources */,
				52E3336C2AD80FC30006687D /* LaunchScreen.storyboard in Resources */,
				52E333772AD817890006687D /* Your-Body-Language.mp3 in Resources */,
				52E333692AD80FC20006687D /* Assets.xcassets in Resources */,
				52E333752AD817840006687D /* Kitni-Yaadein.mp3 in Resources */,
				52E333672AD80FC00006687D /* Main.storyboard in Resources */,
			);
			runOnlyForDeploymentPostprocessing = 0;
		};
/* End PBXResourcesBuildPhase section */

/* Begin PBXSourcesBuildPhase section */
		52E333582AD80FC00006687D /* Sources */ = {
			isa = PBXSourcesBuildPhase;
			buildActionMask = 2147483647;
			files = (
				5271994E2BFA221C001967EB /* SongModel.swift in Sources */,
				52E333642AD80FC00006687D /* ViewController.swift in Sources */,
				52E3337B2AD873690006687D /* PlayerViewController.swift in Sources */,
				52E333602AD80FC00006687D /* AppDelegate.swift in Sources */,
				527199512BFA258F001967EB /* MySongs.swift in Sources */,
				52E333622AD80FC00006687D /* SceneDelegate.swift in Sources */,
			);
			runOnlyForDeploymentPostprocessing = 0;
		};
/* End PBXSourcesBuildPhase section */

/* Begin PBXVariantGroup section */
		52E333652AD80FC00006687D /* Main.storyboard */ = {
			isa = PBXVariantGroup;
			children = (
				52E333662AD80FC00006687D /* Base */,
			);
			name = Main.storyboard;
			sourceTree = "<group>";
		};
		52E3336A2AD80FC20006687D /* LaunchScreen.storyboard */ = {
			isa = PBXVariantGroup;
			children = (
				52E3336B2AD80FC20006687D /* Base */,
			);
			name = LaunchScreen.storyboard;
			sourceTree = "<group>";
		};
/* End PBXVariantGroup section */

/* Begin XCBuildConfiguration section */
		52E3336E2AD80FC30006687D /* Debug */ = {
			isa = XCBuildConfiguration;
			buildSettings = {
				ALWAYS_SEARCH_USER_PATHS = NO;
				CLANG_ANALYZER_NONNULL = YES;
				CLANG_ANALYZER_NUMBER_OBJECT_CONVERSION = YES_AGGRESSIVE;
				CLANG_CXX_LANGUAGE_STANDARD = "gnu++20";
				CLANG_ENABLE_MODULES = YES;
				CLANG_ENABLE_OBJC_ARC = YES;
				CLANG_ENABLE_OBJC_WEAK = YES;
				CLANG_WARN_BLOCK_CAPTURE_AUTORELEASING = YES;
				CLANG_WARN_BOOL_CONVERSION = YES;
				CLANG_WARN_COMMA = YES;
				CLANG_WARN_CONSTANT_CONVERSION = YES;
				CLANG_WARN_DEPRECATED_OBJC_IMPLEMENTATIONS = YES;
				CLANG_WARN_DIRECT_OBJC_ISA_USAGE = YES_ERROR;
				CLANG_WARN_DOCUMENTATION_COMMENTS = YES;
				CLANG_WARN_EMPTY_BODY = YES;
				CLANG_WARN_ENUM_CONVERSION = YES;
				CLANG_WARN_INFINITE_RECURSION = YES;
				CLANG_WARN_INT_CONVERSION = YES;
				CLANG_WARN_NON_LITERAL_NULL_CONVERSION = YES;
				CLANG_WARN_OBJC_IMPLICIT_RETAIN_SELF = YES;
				CLANG_WARN_OBJC_LITERAL_CONVERSION = YES;
				CLANG_WARN_OBJC_ROOT_CLASS = YES_ERROR;
				CLANG_WARN_QUOTED_INCLUDE_IN_FRAMEWORK_HEADER = YES;
				CLANG_WARN_RANGE_LOOP_ANALYSIS = YES;
				CLANG_WARN_STRICT_PROTOTYPES = YES;
				CLANG_WARN_SUSPICIOUS_MOVE = YES;
				CLANG_WARN_UNGUARDED_AVAILABILITY = YES_AGGRESSIVE;
				CLANG_WARN_UNREACHABLE_CODE = YES;
				CLANG_WARN__DUPLICATE_METHOD_MATCH = YES;
				COPY_PHASE_STRIP = NO;
				DEBUG_INFORMATION_FORMAT = dwarf;
				ENABLE_STRICT_OBJC_MSGSEND = YES;
				ENABLE_TESTABILITY = YES;
				GCC_C_LANGUAGE_STANDARD = gnu11;
				GCC_DYNAMIC_NO_PIC = NO;
				GCC_NO_COMMON_BLOCKS = YES;
				GCC_OPTIMIZATION_LEVEL = 0;
				GCC_PREPROCESSOR_DEFINITIONS = (
					"DEBUG=1",
					"$(inherited)",
				);
				GCC_WARN_64_TO_32_BIT_CONVERSION = YES;
				GCC_WARN_ABOUT_RETURN_TYPE = YES_ERROR;
				GCC_WARN_UNDECLARED_SELECTOR = YES;
				GCC_WARN_UNINITIALIZED_AUTOS = YES_AGGRESSIVE;
				GCC_WARN_UNUSED_FUNCTION = YES;
				GCC_WARN_UNUSED_VARIABLE = YES;
				IPHONEOS_DEPLOYMENT_TARGET = 16.4;
				MTL_ENABLE_DEBUG_INFO = INCLUDE_SOURCE;
				MTL_FAST_MATH = YES;
				ONLY_ACTIVE_ARCH = YES;
				SDKROOT = iphoneos;
				SWIFT_ACTIVE_COMPILATION_CONDITIONS = DEBUG;
				SWIFT_OPTIMIZATION_LEVEL = "-Onone";
			};
			name = Debug;
		};
		52E3336F2AD80FC30006687D /* Release */ = {
			isa = XCBuildConfiguration;
			buildSettings = {
				ALWAYS_SEARCH_USER_PATHS = NO;
				CLANG_ANALYZER_NONNULL = YES;
				CLANG_ANALYZER_NUMBER_OBJECT_CONVERSION = YES_AGGRESSIVE;
				CLANG_CXX_LANGUAGE_STANDARD = "gnu++20";
				CLANG_ENABLE_MODULES = YES;
				CLANG_ENABLE_OBJC_ARC = YES;
				CLANG_ENABLE_OBJC_WEAK = YES;
				CLANG_WARN_BLOCK_CAPTURE_AUTORELEASING = YES;
				CLANG_WARN_BOOL_CONVERSION = YES;
				CLANG_WARN_COMMA = YES;
				CLANG_WARN_CONSTANT_CONVERSION = YES;
				CLANG_WARN_DEPRECATED_OBJC_IMPLEMENTATIONS = YES;
				CLANG_WARN_DIRECT_OBJC_ISA_USAGE = YES_ERROR;
				CLANG_WARN_DOCUMENTATION_COMMENTS = YES;
				CLANG_WARN_EMPTY_BODY = YES;
				CLANG_WARN_ENUM_CONVERSION = YES;
				CLANG_WARN_INFINITE_RECURSION = YES;
				CLANG_WARN_INT_CONVERSION = YES;
				CLANG_WARN_NON_LITERAL_NULL_CONVERSION = YES;
				CLANG_WARN_OBJC_IMPLICIT_RETAIN_SELF = YES;
				CLANG_WARN_OBJC_LITERAL_CONVERSION = YES;
				CLANG_WARN_OBJC_ROOT_CLASS = YES_ERROR;
				CLANG_WARN_QUOTED_INCLUDE_IN_FRAMEWORK_HEADER = YES;
				CLANG_WARN_RANGE_LOOP_ANALYSIS = YES;
				CLANG_WARN_STRICT_PROTOTYPES = YES;
				CLANG_WARN_SUSPICIOUS_MOVE = YES;
				CLANG_WARN_UNGUARDED_AVAILABILITY = YES_AGGRESSIVE;
				CLANG_WARN_UNREACHABLE_CODE = YES;
				CLANG_WARN__DUPLICATE_METHOD_MATCH = YES;
				COPY_PHASE_STRIP = NO;
				DEBUG_INFORMATION_FORMAT = "dwarf-with-dsym";
				ENABLE_NS_ASSERTIONS = NO;
				ENABLE_STRICT_OBJC_MSGSEND = YES;
				GCC_C_LANGUAGE_STANDARD = gnu11;
				GCC_NO_COMMON_BLOCKS = YES;
				GCC_WARN_64_TO_32_BIT_CONVERSION = YES;
				GCC_WARN_ABOUT_RETURN_TYPE = YES_ERROR;
				GCC_WARN_UNDECLARED_SELECTOR = YES;
				GCC_WARN_UNINITIALIZED_AUTOS = YES_AGGRESSIVE;
				GCC_WARN_UNUSED_FUNCTION = YES;
				GCC_WARN_UNUSED_VARIABLE = YES;
				IPHONEOS_DEPLOYMENT_TARGET = 16.4;
				MTL_ENABLE_DEBUG_INFO = NO;
				MTL_FAST_MATH = YES;
				SDKROOT = iphoneos;
				SWIFT_COMPILATION_MODE = wholemodule;
				SWIFT_OPTIMIZATION_LEVEL = "-O";
				VALIDATE_PRODUCT = YES;
			};
			name = Release;
		};
		52E333712AD80FC30006687D /* Debug */ = {
			isa = XCBuildConfiguration;
			buildSettings = {
				ASSETCATALOG_COMPILER_APPICON_NAME = AppIcon;
				ASSETCATALOG_COMPILER_GLOBAL_ACCENT_COLOR_NAME = AccentColor;
				CODE_SIGN_STYLE = Automatic;
				CURRENT_PROJECT_VERSION = 1;
				GENERATE_INFOPLIST_FILE = YES;
				INFOPLIST_FILE = MyMusic/Info.plist;
				INFOPLIST_KEY_UIApplicationSupportsIndirectInputEvents = YES;
				INFOPLIST_KEY_UILaunchStoryboardName = LaunchScreen;
				INFOPLIST_KEY_UIMainStoryboardFile = Main;
				INFOPLIST_KEY_UISupportedInterfaceOrientations_iPad = "UIInterfaceOrientationPortrait UIInterfaceOrientationPortraitUpsideDown UIInterfaceOrientationLandscapeLeft UIInterfaceOrientationLandscapeRight";
				INFOPLIST_KEY_UISupportedInterfaceOrientations_iPhone = "UIInterfaceOrientationPortrait UIInterfaceOrientationLandscapeLeft UIInterfaceOrientationLandscapeRight";
				LD_RUNPATH_SEARCH_PATHS = (
					"$(inherited)",
					"@executable_path/Frameworks",
				);
				MARKETING_VERSION = 1.0;
				PRODUCT_BUNDLE_IDENTIFIER = nisafatima.MyMusic;
				PRODUCT_NAME = "$(TARGET_NAME)";
				SWIFT_EMIT_LOC_STRINGS = YES;
				SWIFT_VERSION = 5.0;
				TARGETED_DEVICE_FAMILY = "1,2";
			};
			name = Debug;
		};
		52E333722AD80FC30006687D /* Release */ = {
			isa = XCBuildConfiguration;
			buildSettings = {
				ASSETCATALOG_COMPILER_APPICON_NAME = AppIcon;
				ASSETCATALOG_COMPILER_GLOBAL_ACCENT_COLOR_NAME = AccentColor;
				CODE_SIGN_STYLE = Automatic;
				CURRENT_PROJECT_VERSION = 1;
				GENERATE_INFOPLIST_FILE = YES;
				INFOPLIST_FILE = MyMusic/Info.plist;
				INFOPLIST_KEY_UIApplicationSupportsIndirectInputEvents = YES;
				INFOPLIST_KEY_UILaunchStoryboardName = LaunchScreen;
				INFOPLIST_KEY_UIMainStoryboardFile = Main;
				INFOPLIST_KEY_UISupportedInterfaceOrientations_iPad = "UIInterfaceOrientationPortrait UIInterfaceOrientationPortraitUpsideDown UIInterfaceOrientationLandscapeLeft UIInterfaceOrientationLandscapeRight";
				INFOPLIST_KEY_UISupportedInterfaceOrientations_iPhone = "UIInterfaceOrientationPortrait UIInterfaceOrientationLandscapeLeft UIInterfaceOrientationLandscapeRight";
				LD_RUNPATH_SEARCH_PATHS = (
					"$(inherited)",
					"@executable_path/Frameworks",
				);
				MARKETING_VERSION = 1.0;
				PRODUCT_BUNDLE_IDENTIFIER = nisafatima.MyMusic;
				PRODUCT_NAME = "$(TARGET_NAME)";
				SWIFT_EMIT_LOC_STRINGS = YES;
				SWIFT_VERSION = 5.0;
				TARGETED_DEVICE_FAMILY = "1,2";
			};
			name = Release;
		};
/* End XCBuildConfiguration section */

/* Begin XCConfigurationList section */
		52E333572AD80FC00006687D /* Build configuration list for PBXProject "MyMusic" */ = {
			isa = XCConfigurationList;
			buildConfigurations = (
				52E3336E2AD80FC30006687D /* Debug */,
				52E3336F2AD80FC30006687D /* Release */,
			);
			defaultConfigurationIsVisible = 0;
			defaultConfigurationName = Release;
		};
		52E333702AD80FC30006687D /* Build configuration list for PBXNativeTarget "MyMusic" */ = {
			isa = XCConfigurationList;
			buildConfigurations = (
				52E333712AD80FC30006687D /* Debug */,
				52E333722AD80FC30006687D /* Release */,
			);
			defaultConfigurationIsVisible = 0;
			defaultConfigurationName = Release;
		};
/* End XCConfigurationList section */
	};
	rootObject = 52E333542AD80FC00006687D /* Project object */;
}
